
Microsoft Visual Studio Solution File, Format Version 12.00
# Visual Studio Version 16
VisualStudioVersion = 16.0.31321.278
MinimumVisualStudioVersion = 10.0.40219.1
Project("{FAE04EC0-301F-11D3-BF4B-00C04F79EFBC}") = "Stock Manager With Search Functionality", "Stock Manager With Search Functionality\Stock Manager With Search Functionality.csproj", "{AA96FF14-89B1-4FB5-9882-2B47A9A63C09}"
EndProject
Global
	GlobalSection(SolutionConfigurationPlatforms) = preSolution
		Debug|Any CPU = Debug|Any CPU
		Release|Any CPU = Release|Any CPU
	EndGlobalSection
	GlobalSection(ProjectConfigurationPlatforms) = postSolution
		{AA96FF14-89B1-4FB5-9882-2B47A9A63C09}.Debug|Any CPU.ActiveCfg = Debug|Any CPU
		{AA96FF14-89B1-4FB5-9882-2B47A9A63C09}.Debug|Any CPU.Build.0 = Debug|Any CPU
		{AA96FF14-89B1-4FB5-9882-2B47A9A63C09}.Release|Any CPU.ActiveCfg = Release|Any CPU
		{AA96FF14-89B1-4FB5-9882-2B47A9A63C09}.Release|Any CPU.Build.0 = Release|Any CPU
	EndGlobalSection
	GlobalSection(SolutionProperties) = preSolution
		HideSolutionNode = FALSE
	EndGlobalSection
	GlobalSection(ExtensibilityGlobals) = postSolution
		SolutionGuid = {B49CCE56-CB4E-4491-B3C9-DE3ECA47D79B}
	EndGlobalSection
EndGlobal
